lockfileVersion: 5.4

specifiers:
  abs: ^1.2.0
  bug-killer: ^4.0.0
  deffy: ^2.0.0
  diable: ^3.0.0
  fwatcher: ^2.2.0
  is-there: ^4.0.0
  lien: ^3.0.4
  node-pty: ^0.10.1
  opn: ^5.1.0
  r-json: ^1.2.0
  socket.io: ^2.0.3
  tilda: ^4.4.4
  ul: ^5.2.0
  w-json: ^1.3.0

dependencies:
  abs: 1.3.14
  bug-killer: 4.4.4
  deffy: 2.2.4
  diable: 3.0.2
  fwatcher: 2.2.9
  is-there: 4.5.1
  lien: 3.3.1
  node-pty: registry.npmmirror.com/node-pty/0.10.1
  opn: 5.5.0
  r-json: 1.2.10
  socket.io: 2.5.0
  tilda: 4.4.16
  ul: 5.2.15
  w-json: 1.3.10

packages:

  /abs/1.3.14:
    resolution: {integrity: sha512-PrS26IzwKLWwuURpiKl8wRmJ2KdR/azaVrLEBWG/TALwT20Y7qjtYp1qcMLHA4206hBHY5phv3w4pjf9NPv4Vw==}
    dependencies:
      ul: 5.2.15
    dev: false

  /accepts/1.3.8:
    resolution: {integrity: sha512-PYAthTa2m2VKxuvSD3DPC/Gy+U+sOA1LAuT8mkmRuvw+NACSaeXEQ+NHcVF7rONl6qcaxV3Uuemwawk+7+SJLw==}
    engines: {node: '>= 0.6'}
    dependencies:
      mime-types: 2.1.35
      negotiator: 0.6.3
    dev: false

  /add-subtract-date/1.0.15:
    resolution: {integrity: sha512-MiL4wnMyM999meyCrSA3LME9uZ/b5ptSd0ACDVUoTfutFwvkMyIN7nG7gjrU56WEk5RlFLBghabcgdYwY8s+nQ==}
    dev: false

  /after/0.8.2:
    resolution: {integrity: sha512-QbJ0NTQ/I9DI3uSJA4cbexiwQeRAfjPScqIbSjUDd9TOrcg6pTkdgziesOqxBMBzit8vFCTwrP27t13vFOORRA==}
    dev: false

  /ansi-parser/2.0.0:
    resolution: {integrity: sha512-ydTIzNr0qbKe1QJwIoP6U3KrhUM1P0T5i+/wXFhYUwBvNQuBeuTluF3UhksfjnU5L2epCHQbDvU4Mogu4Dvong==}
    dev: false

  /ansi-parser/3.0.0:
    resolution: {integrity: sha512-edNYJqqmeQJ+N7YV6gWQ4xAumqctsOchnNVDZEHsMSVZcytGLwq9SbGDwm9Jg+XpPNdl6zSGgujFRqiu1PmFYg==}
    dev: false

  /ansi-parser/3.2.10:
    resolution: {integrity: sha512-CGKGIbd678lm15IXJXI1cTyOVAnMQw0jES+klW/yIc+GzYccsYanLMhczPIIj2hE64B79g75QfiuWrEWd6nJdg==}
    dev: false

  /ansi-regex/4.1.1:
    resolution: {integrity: sha512-ILlv4k/3f6vfQ4OoP2AGvirOktlQ98ZEL1k9FaQjxa3L1abBgbuTDAdPOpvbGncC0BTVQrl+OM8xZGK6tWXt7g==}
    engines: {node: '>=6'}
    dev: false

  /ansi-styles/3.2.1:
    resolution: {integrity: sha512-VT0ZI6kZRdTh8YyJw3SMbYm/u+NqfsAxEpWO0Pf9sq8/e94WxxOpPKx9FR1FlyCtOVDNOQ+8ntlqFxiRc+r5qA==}
    engines: {node: '>=4'}
    dependencies:
      color-convert: 1.9.3
    dev: false

  /ansy/1.0.15:
    resolution: {integrity: sha512-mQyNSn58HN7aEthofkap0hn8jg7/5SJWrB0ypExgcECOwLppc0njH+QBA9X5VMiEN9SM0JlFZWJQGycxxInAqg==}
    dependencies:
      ansi-styles: 3.2.1
      custom-return: 1.0.12
      supports-color: 3.2.3
      ul: 5.2.15
    dev: false

  /array-flatten/1.1.1:
    resolution: {integrity: sha512-PCVAQswWemu6UdxsDFFX/+gVeYqKAod3D3UVm91jHwynguOwAvYPhx8nNlM++NqRcK6CxxpUafjmhIdKiHibqg==}
    dev: false

  /arraybuffer.slice/0.0.7:
    resolution: {integrity: sha512-wGUIVQXuehL5TCqQun8OW81jGzAWycqzFF8lFp+GOM5BXLYj3bKNsYC4daB7n6XjCqxQA/qgTJ+8ANR3acjrog==}
    dev: false

  /arrs-to-obj/1.0.12:
    resolution: {integrity: sha512-348sGggQcNrSVF4J009QXjfb5XrxwTw+tjMoOLIUrfRqxmSUf9W/U9hX3XdR5St/sX2Tc994WepBfRjr2BYg1g==}
    dev: false

  /assured/1.0.15:
    resolution: {integrity: sha512-EVb4T+6m5VdlTJ6gbv4WjBM1rHfzXP2BspsQ6VLswcnIQSabjJy7A9YEuG4/KmfF+9OEuT5xhqVJ+V1tClD5ww==}
    dependencies:
      noop6: 1.0.9
      sliced: 1.0.1
    dev: false

  /asyncer.js/1.0.10:
    resolution: {integrity: sha512-enprUWzEhdtffHI04zA1pO6aLl0ugfZJyQpDNL2Y8UHzpdxo9dD1WECVkxU2S0jZ1ldcA6um1Myp72k7r9FKmw==}
    dependencies:
      fn-result: 1.0.12
      noop6: 1.0.9
      one-by-one: 3.2.8
      same-time: 2.3.5
      typpy: 2.3.13
    dev: false

  /auto-parse/1.8.0:
    resolution: {integrity: sha512-Uri4uC+K5cSi5hjM4snFrqPrjqUpwxeSW5EMTPvN7Ju3PlDzmXXDr5tjdzxPvvwgT3J7bmMDJ3Rm625nbrc72A==}
    dependencies:
      typpy: 2.3.11
    dev: false

  /backo2/1.0.2:
    resolution: {integrity: sha512-zj6Z6M7Eq+PBZ7PQxl5NT665MvJdAkzp0f60nAJ+sLaSCBPMwVak5ZegFbgVCzFcCJTKFoMizvM5Ld7+JrRJHA==}
    dev: false

  /barbe/3.0.16:
    resolution: {integrity: sha512-WSJbowJ8dUfDUSWSZzJDD2BP+xwbLdGPbZMStzgUX8UDSS2stPLvi9pwCIsU9k8RXU6x56nIJzJYSfFct3C1+Q==}
    dependencies:
      iterate-object: 1.3.4
      regex-escape: 3.4.10
      typpy: 2.3.13
    dev: false

  /base64-arraybuffer/0.1.4:
    resolution: {integrity: sha512-a1eIFi4R9ySrbiMuyTGx5e92uRH5tQY6kArNcFaKBUleIoLjdjBg7Zxm3Mqm3Kmkf27HLR/1fnxX9q8GQ7Iavg==}
    engines: {node: '>= 0.6.0'}
    dev: false

  /base64id/2.0.0:
    resolution: {integrity: sha512-lGe34o6EHj9y3Kts9R4ZYs/Gr+6N7MCaMlIFA3F1R2O5/m7K06AxfSeO5530PEERE6/WyEg3lsuyw4GHlPZHog==}
    engines: {node: ^4.5.0 || >= 5.9}
    dev: false

  /blob/0.0.5:
    resolution: {integrity: sha512-gaqbzQPqOoamawKg0LGVd7SzLgXS+JH61oWprSLH+P+abTczqJbhTR8CmJ2u9/bUYNmHTGJx/UEmn6doAvvuig==}
    dev: false

  /body-parser/1.20.1:
    resolution: {integrity: sha512-jWi7abTbYwajOytWCQc37VulmWiRae5RyTpaCyDcS5/lMdtwSz5lOpDE67srw/HYe35f1z3fDQw+3txg7gNtWw==}
    engines: {node: '>= 0.8', npm: 1.2.8000 || >= 1.4.16}
    dependencies:
      bytes: 3.1.2
      content-type: 1.0.4
      debug: 2.6.9
      depd: 2.0.0
      destroy: 1.2.0
      http-errors: 2.0.0
      iconv-lite: 0.4.24
      on-finished: 2.4.1
      qs: 6.11.0
      raw-body: 2.5.1
      type-is: 1.6.18
      unpipe: 1.0.0
    transitivePeerDependencies:
      - supports-color
    dev: false

  /bug-killer/4.4.4:
    resolution: {integrity: sha512-O/iJPwIf0Igra3q91s+jGeYhUSdtFUtBMb1JMwvAZLS0We1mIdEuDM4FCjbxFQAF+R6GqpRVgHVQa0utQQxSEA==}
    dependencies:
      ansi-parser: 3.2.10
      couleurs: 6.0.11
      daty: 1.2.1
      deffy: 2.2.4
      typpy: 2.3.13
    dev: false

  /bytes/3.1.2:
    resolution: {integrity: sha512-/Nf7TyzTx6S3yRJObOAV7956r8cr2+Oj8AC5dt8wSP3BQAoeX58NoHyCU8P8zGkNXStjTSi6fzO6F0pBdcYbEg==}
    engines: {node: '>= 0.8'}
    dev: false

  /call-bind/1.0.2:
    resolution: {integrity: sha512-7O+FbCihrB5WGbFYesctwmTKae6rOiIzmz1icreWJ+0aA7LJfuqhEso2T9ncpcFtzMQtzXf2QGGueWJGTYsqrA==}
    dependencies:
      function-bind: 1.1.1
      get-intrinsic: 1.1.3
    dev: false

  /camelo/1.2.1:
    resolution: {integrity: sha512-5O6lYuw6JR8viGfxFQhJTaO7cPTsnEaJUK2Gj0JeZ0O+iO78kxfeF47ocx6Ml0K8KWbE/JgBbgi3zF6lcUkvGw==}
    dependencies:
      regex-escape: 3.4.10
      uc-first-array: 1.1.10
    dev: false

  /class-methods/1.0.12:
    resolution: {integrity: sha512-14T82nNlU+OAhPNm4Fw4kJUS8klgt9n1+CdtB6LHvmWC5Wb89TZQ6CuCwEK2YR03O/hT0eHGIpQxtovAnN9CtA==}
    dependencies:
      exclude-arr: 1.0.11
      static-methods: 1.0.12
      ul: 5.2.15
    dev: false

  /cli-box/5.0.0:
    resolution: {integrity: sha512-1ukDhxQ1nSgfupVOH2v6+meRlKLHjTaSdCPTFjUOtAjQvFsDEWeW08gySk8o5dr+biPosooNmfle28ighmTEPA==}
    dependencies:
      ansi-parser: 3.0.0
      ul: 5.0.0
    dev: false

  /cli-box/6.0.10:
    resolution: {integrity: sha512-6jjSF6G1gOXaCyBQJKo3L3lZKxP8jzdECG7FBiA4m2w7K8jBxXXwsMb75fBLwoVwOtKwvgKjLJurw8HU5XNciw==}
    dependencies:
      ansi-parser: 3.2.10
      deffy: 2.2.4
      is-undefined: 1.0.11
      is-win: 1.0.10
      ul: 5.2.15
    dev: false

  /clp/3.2.1:
    resolution: {integrity: sha512-pD7KnjnpK2Rlc16i+l7KZp6oy6nCMAZsgq7E9lNiteDT8viiySRAqPzggw0T+Q3vNX0p0C0TijqXsYkwQYf6sQ==}
    dependencies:
      ansi-parser: 2.0.0
      le-table: 4.0.0
      ul: 5.0.0
    dev: false

  /clp/4.0.12:
    resolution: {integrity: sha512-DOQX14xsm4mM06JVzB/5nTk+tBdst+mFffz1OK4TWPa6++M/J7TJWuciXVwCRxTFzY2f+FRQARUu8+uqgQBpUQ==}
    dependencies:
      is-number: 2.1.0
      last-char: 1.3.11
      match-it: 1.0.9
    dev: false

  /color-convert/1.9.3:
    resolution: {integrity: sha512-QfAUtd+vFdAtFQcC8CCyYt1fYWxSqAiK2cSD6zDB8N3cpsEBAvRxp9zOGg6G/SHHJYAT88/az/IuDGALsNVbGg==}
    dependencies:
      color-name: 1.1.3
    dev: false

  /color-name/1.1.3:
    resolution: {integrity: sha512-72fSenhMw2HZMTVHeCA9KCmpEIbzWiQsjN+BHcBbS9vr1mtt+vJjPdksIBNUmKAW8TFUDPJK5SUU3QhE9NEXDw==}
    dev: false

  /component-bind/1.0.0:
    resolution: {integrity: sha512-WZveuKPeKAG9qY+FkYDeADzdHyTYdIboXS59ixDeRJL5ZhxpqUnxSOwop4FQjMsiYm3/Or8cegVbpAHNA7pHxw==}
    dev: false

  /component-emitter/1.2.1:
    resolution: {integrity: sha512-jPatnhd33viNplKjqXKRkGU345p263OIWzDL2wH3LGIGp5Kojo+uXizHmOADRvhGFFTnJqX3jBAKP6vvmSDKcA==}
    dev: false

  /component-emitter/1.3.0:
    resolution: {integrity: sha512-Rd3se6QB+sO1TwqZjscQrurpEPIfO0/yYnSin6Q/rD3mOutHvUrCAhJub3r90uNb+SESBuE0QYoB90YdfatsRg==}
    dev: false

  /component-inherit/0.0.3:
    resolution: {integrity: sha512-w+LhYREhatpVqTESyGFg3NlP6Iu0kEKUHETY9GoZP/pQyW4mHFZuFWRUCIqVPZ36ueVLtoOEZaAqbCF2RDndaA==}
    dev: false

  /content-disposition/0.5.4:
    resolution: {integrity: sha512-FveZTNuGw04cxlAiWbzi6zTAL/lhehaWbTtgluJh4/E95DqMwTmha3KZN1aAWA8cFIhHzMZUvLevkw5Rqk+tSQ==}
    engines: {node: '>= 0.6'}
    dependencies:
      safe-buffer: 5.2.1
    dev: false

  /content-type/1.0.4:
    resolution: {integrity: sha512-hIP3EEPs8tB9AT1L+NUqtwOAps4mk2Zob89MWXMHjHWg9milF/j4osnnQLXBCBFBk/tvIG/tUc9mOUJiPBhPXA==}
    engines: {node: '>= 0.6'}
    dev: false

  /cookie-parser/1.4.6:
    resolution: {integrity: sha512-z3IzaNjdwUC2olLIB5/ITd0/setiaFMLYiZJle7xg5Fe9KWAceil7xszYfHHBtDFYLSgJduS2Ty0P1uJdPDJeA==}
    engines: {node: '>= 0.8.0'}
    dependencies:
      cookie: 0.4.1
      cookie-signature: 1.0.6
    dev: false

  /cookie-signature/1.0.6:
    resolution: {integrity: sha512-QADzlaHc8icV8I7vbaJXJwod9HWYp8uCqf1xa4OfNu1T7JVxQIrUgOWtHdNDtPiywmFbiS12VjotIXLrKM3orQ==}
    dev: false

  /cookie/0.4.0:
    resolution: {integrity: sha512-+Hp8fLp57wnUSt0tY0tHEXh4voZRDnoIrZPqlo3DPiI4y9lwg/jqx+1Om94/W6ZaPDOUbnjOt/99w66zk+l1Xg==}
    engines: {node: '>= 0.6'}
    dev: false

  /cookie/0.4.1:
    resolution: {integrity: sha512-ZwrFkGJxUR3EIoXtO+yVE69Eb7KlixbaeAWfBQB9vVsNn/o+Yw69gBWSSDK825hQNdN+wF8zELf3dFNl/kxkUA==}
    engines: {node: '>= 0.6'}
    dev: false

  /cookie/0.4.2:
    resolution: {integrity: sha512-aSWTXFzaKWkvHO1Ny/s+ePFpvKsPnjc551iI41v3ny/ow6tBG5Vd+FuqGNhh1LxOmVzOlGUriIlOaokOvhaStA==}
    engines: {node: '>= 0.6'}
    dev: false

  /cookie/0.5.0:
    resolution: {integrity: sha512-YZ3GUyn/o8gfKJlnlX7g7xq4gyO6OSuhGPKaaGssGB2qgDUS0gPgtTvoyZLTt9Ab6dC4hfc9dV5arkvc/OCmrw==}
    engines: {node: '>= 0.6'}
    dev: false

  /couleurs/5.0.0:
    resolution: {integrity: sha512-B+loDDlwPNwI27lC2WLJX9EqDhYV97nkUq4in2mJVco3P53hDztcIu3kUhrqS4+eb6w7dL9WcXADkn7V2DQFOw==}
    dependencies:
      flat-colors: 3.0.0
      typpy: 2.0.0
      x256: 0.0.2
    dev: false

  /couleurs/6.0.11:
    resolution: {integrity: sha512-y5WUDtgQKw/tVViZCj3ACX8VseU0ONxiet8SRsE89uH4s/otRLXGOMymfVbKMFzedKOdxQpTcYWukRwkvgRYdw==}
    dependencies:
      ansy: 1.0.15
      color-convert: 1.9.3
      iterate-object: 1.3.4
      typpy: 2.3.13
    dev: false

  /csrf/3.1.0:
    resolution: {integrity: sha512-uTqEnCvWRk042asU6JtapDTcJeeailFy4ydOQS28bj1hcLnYRiqi8SsD2jS412AY1I/4qdOwWZun774iqywf9w==}
    engines: {node: '>= 0.8'}
    dependencies:
      rndm: 1.2.0
      tsscmp: 1.0.6
      uid-safe: 2.1.5
    dev: false

  /csurf/1.11.0:
    resolution: {integrity: sha512-UCtehyEExKTxgiu8UHdGvHj4tnpE/Qctue03Giq5gPgMQ9cg/ciod5blZQ5a4uCEenNQjxyGuzygLdKUmee/bQ==}
    engines: {node: '>= 0.8.0'}
    deprecated: Please use another csrf package
    dependencies:
      cookie: 0.4.0
      cookie-signature: 1.0.6
      csrf: 3.1.0
      http-errors: 1.7.3
    dev: false

  /custom-return/1.0.12:
    resolution: {integrity: sha512-Xy6IlEV6gW5Iu4YRoQe0A5RG1mzezawcTXzAk7u28oB2UilRfbbOc1C7RmWE6AJ1inSm8gghCkIpo0LUQfLbvw==}
    dependencies:
      noop6: 1.0.9
    dev: false

  /date-unit-ms/1.1.14:
    resolution: {integrity: sha512-6vUHdMQkblV8lKYQqnTM2kUmWlFVG6F/0mzUbcnNygcR2vuUPeHAIE7BO7mj/brmgV1INSAG9D2GpgTLOEOHvg==}
    dev: false

  /daty/1.2.1:
    resolution: {integrity: sha512-0ScX8eww2sJ1fnJuuLhP6JXonVrIIJZiVlGL6ve+Dnv3vPVFf3ZMDlose5+h/SnR4gQ1nmG3acoBP3Slycr4ag==}
    dependencies:
      add-subtract-date: 1.0.15
      class-methods: 1.0.12
      date-unit-ms: 1.1.14
      diff-dates: 1.0.14
      formatoid: 1.2.4
    dev: false

  /days/1.1.1:
    resolution: {integrity: sha512-vzeIwVsEIyA35GH4+mPd4hjVDNI87wYANyZFs0BHjBr5kIBH5zEl7LfD6Wr4SFZca4D3CU9IH1w4DuZLlXzKRw==}
    engines: {node: '>=0.10.0'}
    dev: false

  /debug-mode/2.0.2:
    resolution: {integrity: sha512-uOGKcpU0ZSADgNKzyoZ3I3Sj5xAgGGOavQKhH60sTrW4+EtOa2MDrcop+XUdRmLqI4p0rjSrqPcQbwlBtLLhRw==}
    dev: false

  /debug/2.6.9:
    resolution: {integrity: sha512-bC7ElrdJaJnPbAP+1EotYvqZsb3ecl5wi6Bfi6BJTUcNowp6cvspg0jXznRTKDjm/E7AdgFBVeAPVMNcKGsHMA==}
    peerDependencies:
      supports-color: '*'
    peerDependenciesMeta:
      supports-color:
        optional: true
    dependencies:
      ms: 2.0.0
    dev: false

  /debug/3.1.0:
    resolution: {integrity: sha512-OX8XqP7/1a9cqkxYw2yXss15f26NKWBpDXQd0/uK/KPqdQhxbPa994hnzjcE2VqQpDslf55723cKPUOGSmMY3g==}
    peerDependencies:
      supports-color: '*'
    peerDependenciesMeta:
      supports-color:
        optional: true
    dependencies:
      ms: 2.0.0
    dev: false

  /debug/4.1.1:
    resolution: {integrity: sha512-pYAIzeRo8J6KPEaJ0VWOh5Pzkbw/RetuzehGM7QRRX5he4fPHx2rdKMB256ehJCkX+XRQm16eZLqLNS8RSZXZw==}
    deprecated: Debug versions >=3.2.0 <3.2.7 || >=4 <4.3.1 have a low-severity ReDos regression when used in a Node.js environment. It is recommended you upgrade to 3.2.7 or 4.3.1. (https://github.com/visionmedia/debug/issues/797)
    peerDependencies:
      supports-color: '*'
    peerDependenciesMeta:
      supports-color:
        optional: true
    dependencies:
      ms: 2.1.3
    dev: false

  /deffy/2.0.0:
    resolution: {integrity: sha512-Gcn10MX982lqx8XmJES2JvN8Im7h0lFwRanyQfkQG2wXko4SouD0pSGUlK6Do165Itfidhpssn6NqlRkKp/4ig==}
    dependencies:
      typpy: 2.3.13
    dev: false

  /deffy/2.2.4:
    resolution: {integrity: sha512-pLc9lsbsWjr6RxmJ2OLyvm+9l4j1yK69h+TML/gUit/t3vTijpkNGh8LioaJYTGO7F25m6HZndADcUOo2PsiUg==}
    dependencies:
      typpy: 2.3.13
    dev: false

  /depd/1.1.2:
    resolution: {integrity: sha512-7emPTl6Dpo6JRXOXjLRxck+FlLRX5847cLKEn00PLAgc3g2hTZZgr+e4c2v6QpSmLeFP3n5yUo7ft6avBK/5jQ==}
    engines: {node: '>= 0.6'}
    dev: false

  /depd/2.0.0:
    resolution: {integrity: sha512-g7nH6P6dyDioJogAAGprGpCtVImJhpPk/roCzdb3fIh61/s/nPsfR6onyMwkCAR/OlC3yBC0lESvUoQEAssIrw==}
    engines: {node: '>= 0.8'}
    dev: false

  /destroy/1.2.0:
    resolution: {integrity: sha512-2sJGJTaXIIaR1w4iJSNoN0hnMY7Gpc/n8D4qSCJw8QqFWXf7cuAgnEHxBpweaVcPevC2l3KpjYCx3NypQQgaJg==}
    engines: {node: '>= 0.8', npm: 1.2.8000 || >= 1.4.16}
    dev: false

  /diable/3.0.2:
    resolution: {integrity: sha512-B7iH2ZzEpGuYdGDKVR7ZV/4O+AadwG3PTfBB1HhvbBwFXdjpwdMkI5e64b6DCkVAN2JVp/rhcdfmEeA680SOyQ==}
    hasBin: true
    dependencies:
      bug-killer: 4.4.4
      clp: 3.2.1
      spawno: 2.1.1
      typpy: 2.3.13
      ul: 5.2.15
    dev: false

  /diff-dates/1.0.14:
    resolution: {integrity: sha512-JbWO1wl9jJZdLPLK/nENeUL68Mv7+SQQrXlEPSxuzZid89+FXpl7xSGxbPGd5z/2Xx3KJe4+fHPpaKnWnZ8V3w==}
    dependencies:
      date-unit-ms: 1.1.14
    dev: false

  /ee-first/1.1.1:
    resolution: {integrity: sha512-WMwm9LhRUo+WUaRN+vRuETqG89IgZphVSNkdFgeb6sS/E4OrDIN7t48CAewSHXc6C8lefD8KKfr5vY61brQlow==}
    dev: false

  /encodeurl/1.0.2:
    resolution: {integrity: sha512-TPJXq8JqFaVYm2CWmPvnP2Iyo4ZSM7/QKcSmuMLDObfpH5fi7RUGmd/rTDf+rut/saiDiQEeVTNgAmJEdAOx0w==}
    engines: {node: '>= 0.8'}
    dev: false

  /engine.io-client/3.5.3:
    resolution: {integrity: sha512-qsgyc/CEhJ6cgMUwxRRtOndGVhIu5hpL5tR4umSpmX/MvkFoIxUTM7oFMDQumHNzlNLwSVy6qhstFPoWTf7dOw==}
    dependencies:
      component-emitter: 1.3.0
      component-inherit: 0.0.3
      debug: 3.1.0
      engine.io-parser: 2.2.1
      has-cors: 1.1.0
      indexof: 0.0.1
      parseqs: 0.0.6
      parseuri: 0.0.6
      ws: 7.4.6
      xmlhttprequest-ssl: 1.6.3
      yeast: 0.1.2
    transitivePeerDependencies:
      - bufferutil
      - supports-color
      - utf-8-validate
    dev: false

  /engine.io-parser/2.2.1:
    resolution: {integrity: sha512-x+dN/fBH8Ro8TFwJ+rkB2AmuVw9Yu2mockR/p3W8f8YtExwFgDvBDi0GWyb4ZLkpahtDGZgtr3zLovanJghPqg==}
    dependencies:
      after: 0.8.2
      arraybuffer.slice: 0.0.7
      base64-arraybuffer: 0.1.4
      blob: 0.0.5
      has-binary2: 1.0.3
    dev: false

  /engine.io/3.6.0:
    resolution: {integrity: sha512-Kc8fo5bbg8F4a2f3HPHTEpGyq/IRIQpyeHu3H1ThR14XDD7VrLcsGBo16HUpahgp8YkHJDaU5gNxJZbuGcuueg==}
    engines: {node: '>=8.0.0'}
    dependencies:
      accepts: 1.3.8
      base64id: 2.0.0
      cookie: 0.4.2
      debug: 4.1.1
      engine.io-parser: 2.2.1
      ws: 7.4.6
    transitivePeerDependencies:
      - bufferutil
      - supports-color
      - utf-8-validate
    dev: false

  /err/2.1.12:
    resolution: {integrity: sha512-C0XHNJOnH072AC8q0L5oclAZvBCD8nzBb24bcHSqEkurDHyRo6bpOztgddHtH4Ik/9evmBCVW0nEY0NdnSt46Q==}
    dependencies:
      barbe: 3.0.16
      iterate-object: 1.3.4
      typpy: 2.3.13
    dev: false

  /escape-html/1.0.3:
    resolution: {integrity: sha512-NiSupZ4OeuGwr68lGIeym/ksIZMJodUGOSCZ/FSnTxcrekbvqrgdUxlJOMpijaKZVjAJrWrGs/6Jy8OMuyj9ow==}
    dev: false

  /etag/1.8.1:
    resolution: {integrity: sha512-aIL5Fx7mawVa300al2BnEE4iNvo1qETxLrPI/o05L7z6go7fCw1J6EQmbK4FmJ2AS7kgVF/KEZWufBfdClMcPg==}
    engines: {node: '>= 0.6'}
    dev: false

  /exclude-arr/1.0.11:
    resolution: {integrity: sha512-yQVFDXkkpDOhSPGOu2yG4fKmDsBiufj2M5uJRS6ijcLW7/pUvCxAHJ2YQTJUkLJ4nWbl+XZn/qwMzrWYfWFgFg==}
    dev: false

  /express-session/1.17.3:
    resolution: {integrity: sha512-4+otWXlShYlG1Ma+2Jnn+xgKUZTMJ5QD3YvfilX3AcocOAbIkVylSWEklzALe/+Pu4qV6TYBj5GwOBFfdKqLBw==}
    engines: {node: '>= 0.8.0'}
    dependencies:
      cookie: 0.4.2
      cookie-signature: 1.0.6
      debug: 2.6.9
      depd: 2.0.0
      on-headers: 1.0.2
      parseurl: 1.3.3
      safe-buffer: 5.2.1
      uid-safe: 2.1.5
    transitivePeerDependencies:
      - supports-color
    dev: false

  /express/4.18.2:
    resolution: {integrity: sha512-5/PsL6iGPdfQ/lKM1UuielYgv3BUoJfz1aUwU9vHZ+J7gyvwdQXFEBIEIaxeGf0GIcreATNyBExtalisDbuMqQ==}
    engines: {node: '>= 0.10.0'}
    dependencies:
      accepts: 1.3.8
      array-flatten: 1.1.1
      body-parser: 1.20.1
      content-disposition: 0.5.4
      content-type: 1.0.4
      cookie: 0.5.0
      cookie-signature: 1.0.6
      debug: 2.6.9
      depd: 2.0.0
      encodeurl: 1.0.2
      escape-html: 1.0.3
      etag: 1.8.1
      finalhandler: 1.2.0
      fresh: 0.5.2
      http-errors: 2.0.0
      merge-descriptors: 1.0.1
      methods: 1.1.2
      on-finished: 2.4.1
      parseurl: 1.3.3
      path-to-regexp: 0.1.7
      proxy-addr: 2.0.7
      qs: 6.11.0
      range-parser: 1.2.1
      safe-buffer: 5.2.1
      send: 0.18.0
      serve-static: 1.15.0
      setprototypeof: 1.2.0
      statuses: 2.0.1
      type-is: 1.6.18
      utils-merge: 1.0.1
      vary: 1.1.2
    transitivePeerDependencies:
      - supports-color
    dev: false

  /fillo/1.0.13:
    resolution: {integrity: sha512-9LYJ0ww96DUYETd2Bia5NS1b8rj42nEE5zsfcUwDErMopTs6BRBe4dRIVjrZGXSiK4vNSL/Q3u0dyqbmkA2Zdg==}
    dev: false

  /finalhandler/1.2.0:
    resolution: {integrity: sha512-5uXcUVftlQMFnWC9qu/svkWv3GTd2PfUhK/3PLkYNAe7FbqJMt3515HaxE6eRL74GdsriiwujiawdaB1BpEISg==}
    engines: {node: '>= 0.8'}
    dependencies:
      debug: 2.6.9
      encodeurl: 1.0.2
      escape-html: 1.0.3
      on-finished: 2.4.1
      parseurl: 1.3.3
      statuses: 2.0.1
      unpipe: 1.0.0
    transitivePeerDependencies:
      - supports-color
    dev: false

  /find-value/1.0.12:
    resolution: {integrity: sha512-OCpo8LTk8eZ2sdDCwbU2Lc3ivYsdM6yod6jP2jHcNEFcjPhkgH0+POzTIol7xx1LZgtbI5rkO5jqxsG5MWtPjQ==}
    dev: false

  /flat-colors/3.0.0:
    resolution: {integrity: sha512-UDm0W6LZOdQL0kfbHW1/hohk4bws+ypeww4SyKv5Kn0CIzWWn2blNLLv4nWFuVt5NFv6PHWQYzuHf0uWqiX56g==}
    dev: false

  /fn-result/1.0.12:
    resolution: {integrity: sha512-CpNeB15FPGSPCiWar5crYmODXqw1iJx9bF1NBLOb4oCHIeNEtWCqnkzgDwuoO6ZJGDqx5i/YcCaLSs++CjA5yw==}
    dependencies:
      assured: 1.0.15
    dev: false

  /formatoid/1.2.4:
    resolution: {integrity: sha512-9wWHOPJvbIheSpiHGl0xaBwdszlzPaeh2KqHVexGQnKpO85xrMoKvuf6M3q0B4uC3I9lkXjH6+8ipQC8PQ/7Gw==}
    dependencies:
      days: 1.1.1
      fillo: 1.0.13
      months: 1.2.0
      parse-it: 1.0.10
    dev: false

  /forwarded/0.2.0:
    resolution: {integrity: sha512-buRG0fpBtRHSTCOASe6hD258tEubFoRLb4ZNA6NxMVHNw2gOcwHo9wyablzMzOA5z9xA9L1KNjk/Nt6MT9aYow==}
    engines: {node: '>= 0.6'}
    dev: false

  /fresh/0.5.2:
    resolution: {integrity: sha512-zJ2mQYM18rEFOudeV4GShTGIQ7RbzA7ozbU9I/XBpm7kqgMywgmylMwXHxZJmkVoYkna9d2pVXVXPdYTP9ej8Q==}
    engines: {node: '>= 0.6'}
    dev: false

  /function-bind/1.1.1:
    resolution: {integrity: sha512-yIovAzMX49sF8Yl58fSCWJ5svSLuaibPxXQJFLmBObTuCr0Mf1KiPopGM9NiFjiYBCbfaa2Fh6breQ6ANVTI0A==}
    dev: false

  /function.name/1.0.13:
    resolution: {integrity: sha512-mVrqdoy5npWZyoXl4DxCeuVF6delDcQjVS9aPdvLYlBxtMTZDR2B5GVEQEoM1jJyspCqg3C0v4ABkLE7tp9xFA==}
    dependencies:
      noop6: 1.0.9
    dev: false

  /fwatcher/2.2.9:
    resolution: {integrity: sha512-gzT+zSzokYXlgMOhxXSb4yhp336U5RATXNw/yRQRoDqCNNdfiPYLReSHdzXqRI7pdbcv9kjFaLZkgFs6h9uY0A==}
    dependencies:
      abs: 1.3.14
      bug-killer: 4.4.4
      is-there: 4.5.1
      ul: 5.2.15
    dev: false

  /get-intrinsic/1.1.3:
    resolution: {integrity: sha512-QJVz1Tj7MS099PevUG5jvnt9tSkXN8K14dxQlikJuPt4uD9hHAHjLyLBiLR5zELelBdD9QNRAXZzsJx0WaDL9A==}
    dependencies:
      function-bind: 1.1.1
      has: 1.0.3
      has-symbols: 1.0.3
    dev: false

  /has-binary2/1.0.3:
    resolution: {integrity: sha512-G1LWKhDSvhGeAQ8mPVQlqNcOB2sJdwATtZKl2pDKKHfpf/rYj24lkinxf69blJbnsvtqqNU+L3SL50vzZhXOnw==}
    dependencies:
      isarray: 2.0.1
    dev: false

  /has-cors/1.1.0:
    resolution: {integrity: sha512-g5VNKdkFuUuVCP9gYfDJHjK2nqdQJ7aDLTnycnc2+RvsOQbuLdF5pm7vuE5J76SEBIQjs4kQY/BWq74JUmjbXA==}
    dev: false

  /has-flag/1.0.0:
    resolution: {integrity: sha512-DyYHfIYwAJmjAjSSPKANxI8bFY9YtFrgkAfinBojQ8YJTOuOuav64tMUJv584SES4xl74PmuaevIyaLESHdTAA==}
    engines: {node: '>=0.10.0'}
    dev: false

  /has-symbols/1.0.3:
    resolution: {integrity: sha512-l3LCuF6MgDNwTDKkdYGEihYjt5pRPbEg46rtlmnSPlUbgmB8LOIrKJbYYFBSbnPaJexMKtiPO8hmeRjRz2Td+A==}
    engines: {node: '>= 0.4'}
    dev: false

  /has/1.0.3:
    resolution: {integrity: sha512-f2dvO0VU6Oej7RkWJGrehjbzMAjFp5/VKPp5tTpWIV4JHHZK1/BxbFRtf/siA2SWTe09caDmVtYYzWEIbBS4zw==}
    engines: {node: '>= 0.4.0'}
    dependencies:
      function-bind: 1.1.1
    dev: false

  /http-errors/1.7.3:
    resolution: {integrity: sha512-ZTTX0MWrsQ2ZAhA1cejAwDLycFsd7I7nVtnkT3Ol0aqodaKW+0CTZDQ1uBv5whptCnc8e8HeRRJxRs0kmm/Qfw==}
    engines: {node: '>= 0.6'}
    dependencies:
      depd: 1.1.2
      inherits: 2.0.4
      setprototypeof: 1.1.1
      statuses: 1.5.0
      toidentifier: 1.0.0
    dev: false

  /http-errors/2.0.0:
    resolution: {integrity: sha512-FtwrG/euBzaEjYeRqOgly7G0qviiXoJWnvEH2Z1plBdXgbyjv34pHTSb9zoeHMyDy33+DWy5Wt9Wo+TURtOYSQ==}
    engines: {node: '>= 0.8'}
    dependencies:
      depd: 2.0.0
      inherits: 2.0.4
      setprototypeof: 1.2.0
      statuses: 2.0.1
      toidentifier: 1.0.1
    dev: false

  /iconv-lite/0.4.24:
    resolution: {integrity: sha512-v3MXnZAcvnywkTUEZomIActle7RXXeedOR31wwl7VlyoXO4Qi9arvSenNQWne1TcRwhCL1HwLI21bEqdpj8/rA==}
    engines: {node: '>=0.10.0'}
    dependencies:
      safer-buffer: 2.1.2
    dev: false

  /indento/1.1.13:
    resolution: {integrity: sha512-YZWk3mreBEM7sBPddsiQnW9Z8SGg/gNpFfscJq00HCDS7pxcQWWWMSVKJU7YkTRyDu1Zv2s8zaK8gQWKmCXHlg==}
    dev: false

  /indexof/0.0.1:
    resolution: {integrity: sha512-i0G7hLJ1z0DE8dsqJa2rycj9dBmNKgXBvotXtZYXakU9oivfB9Uj2ZBC27qqef2U58/ZLwalxa1X/RDCdkHtVg==}
    dev: false

  /inherits/2.0.4:
    resolution: {integrity: sha512-k/vGaX4/Yla3WzyMCvTQOXYeIHvqOKtnqBduzTHpzpQZzAskKMhZ2K+EnBiSM9zGSoIFeMpXKxa4dYeZIQqewQ==}
    dev: false

  /ipaddr.js/1.9.1:
    resolution: {integrity: sha512-0KI/607xoxSToH7GjN1FfSbLoU0+btTicjsQSWQlh/hZykN8KpmMf7uYwPW3R+akZ6R/w18ZlXSHBYXiYUPO3g==}
    engines: {node: '>= 0.10'}
    dev: false

  /is-buffer/1.1.6:
    resolution: {integrity: sha512-NcdALwpXkTm5Zvvbk7owOUSvVvBKDgKP5/ewfXEznmQFfs4ZRmanOeKBTjRVjka3QFoN6XJ+9F3USqfHqTaU5w==}
    dev: false

  /is-empty-obj/1.0.12:
    resolution: {integrity: sha512-qHBAsU2hONx/K5o0VwTLRVfHb/cAsJY8+cYLLQBupCdKu0v5bxT83K9Dr997Go7gIoc4J6J0pD5qIIIvBFQZBQ==}
    dev: false

  /is-number/2.1.0:
    resolution: {integrity: sha512-QUzH43Gfb9+5yckcrSA0VBDwEtDUchrk4F6tfJZQuNzDJbEDB9cZNzSfXGQ1jqmdDY/kl41lUOWM9syA8z8jlg==}
    engines: {node: '>=0.10.0'}
    dependencies:
      kind-of: 3.2.2
    dev: false

  /is-ssh/1.4.0:
    resolution: {integrity: sha512-x7+VxdxOdlV3CYpjvRLBv5Lo9OJerlYanjwFrPR9fuGPjCiNiCzFgAWpiLAohSbsnH4ZAys3SBh+hq5rJosxUQ==}
    dependencies:
      protocols: 2.0.1
    dev: false

  /is-there/4.5.1:
    resolution: {integrity: sha512-vIZ7HTXAoRoIwYSsTnxb0sg9L6rth+JOulNcavsbskQkCIWoSM2cjFOWZs4wGziGZER+Xgs/HXiCQZgiL8ppxQ==}
    dev: false

  /is-undefined/1.0.11:
    resolution: {integrity: sha512-gRwyH8IRpV73MDlVefPllIjxBjrP9YAB0YCLtxnROhRkedTSzzBJgfxTC6HgP2/dttawQHWNZe88MvXS9Hbn/g==}
    dev: false

  /is-win/1.0.10:
    resolution: {integrity: sha512-tJ9PPj5RW2RUaZ2lAIVRqQjMSynA44Ln89h+Ue+pOecoWIv6dLHvN6dtLxeCi/h5epPJPSVyuaNObLAMq62OEA==}
    dev: false

  /is-wsl/1.1.0:
    resolution: {integrity: sha512-gfygJYZ2gLTDlmbWMI0CE2MwnFzSN/2SZfkMlItC4K/JBlsWVDB0bO6XhqcY13YXE7iMcAJnzTCJjPiTeJJ0Mw==}
    engines: {node: '>=4'}
    dev: false

  /isarray/0.0.1:
    resolution: {integrity: sha512-D2S+3GLxWH+uhrNEcoh/fnmYeP8E8/zHl644d/jdA0g2uyXvy3sb0qxotE+ne0LtccHknQzWwZEzhak7oJ0COQ==}
    dev: false

  /isarray/2.0.1:
    resolution: {integrity: sha512-c2cu3UxbI+b6kR3fy0nRnAhodsvR9dx7U5+znCOzdj6IfP3upFURTr0Xl5BlQZNKZjEtxrmVyfSdeE3O57smoQ==}
    dev: false

  /iterate-object/1.3.4:
    resolution: {integrity: sha512-4dG1D1x/7g8PwHS9aK6QV5V94+ZvyP4+d19qDv43EzImmrndysIl4prmJ1hWWIGCqrZHyaHBm6BSEWHOLnpoNw==}
    dev: false

  /kind-of/3.2.2:
    resolution: {integrity: sha512-NOW9QQXMoZGg/oqnVNoNTTIFEIid1627WCffUBJEdMxYApq7mNE7CpzucIPc+ZQg25Phej7IJSmX3hO+oblOtQ==}
    engines: {node: '>=0.10.0'}
    dependencies:
      is-buffer: 1.1.6
    dev: false

  /last-char/1.3.11:
    resolution: {integrity: sha512-Thgr0MN085/Eo1UulZKOJy+HMoXSbw9CZ2iPqVxr6nFoIAUo6pkVc25wEU0A8cAz22wv2ZEPrlxhnguBmQ0CPA==}
    dev: false

  /le-table/4.0.0:
    resolution: {integrity: sha512-LYrjuuy61/nwIl/UZP5nR+6lEQPImtKlsMyB5xsXbB5z+IeQAe9+fNaeSBkSFC6UaBB/fIu5OnnGl5PBXlJ5yA==}
    dependencies:
      cli-box: 5.0.0
      overlap: 2.0.0
      ul: 5.0.0
    dev: false

  /le-table/6.1.10:
    resolution: {integrity: sha512-ZpNb2ekquwQdsZUA/xwY6b/RzPpMbHdlOLnO7mimHuKOiNBSpRI+TXRIrBtUgS9t7crYKRrrJz6/7TVFen/ahg==}
    dependencies:
      ansi-parser: 3.2.10
      cli-box: 6.0.10
      overlap: 2.2.10
      ul: 5.2.15
    dev: false

  /lien/3.3.1:
    resolution: {integrity: sha512-qWzElA8ljS236JyU03Khc2m45i0BZgrgQyiUcH7nSbRwoVs6e59/AAWHL4x6Yyqla4BVQaa31yIoVL9smfkmJw==}
    dependencies:
      body-parser: 1.20.1
      cookie-parser: 1.4.6
      csurf: 1.11.0
      express: 4.18.2
      express-session: 1.17.3
      find-value: 1.0.12
      iterate-object: 1.3.4
      methods: 1.1.2
      noop6: 1.0.9
      parse-url: 1.3.11
      path-to-regexp: 1.8.0
      set-or-get: 1.2.11
      transformer: 1.2.8
      ul: 5.2.15
    transitivePeerDependencies:
      - supports-color
    dev: false

  /match-it/1.0.9:
    resolution: {integrity: sha512-l5qvhHYTFi86C+xBfxt/u0VaxVP6zP+E9RfGsxOK9no3fGNioCnntKvq400iys3tWTJd5JoR42DNpt8tEgrx7A==}
    dev: false

  /media-typer/0.3.0:
    resolution: {integrity: sha512-dq+qelQ9akHpcOl/gUVRTxVIOkAJ1wR3QAvb4RsVjS8oVoFjDGTc679wJYmUmknUF5HwMLOgb5O+a3KxfWapPQ==}
    engines: {node: '>= 0.6'}
    dev: false

  /merge-descriptors/1.0.1:
    resolution: {integrity: sha512-cCi6g3/Zr1iqQi6ySbseM1Xvooa98N0w31jzUYrXPX2xqObmFGHJ0tQ5u74H3mVh7wLouTseZyYIq39g8cNp1w==}
    dev: false

  /methods/1.1.2:
    resolution: {integrity: sha512-iclAHeNqNm68zFtnZ0e+1L2yUIdvzNoauKU4WBA3VvH/vPFieF7qfRlwUZU+DA9P9bPXIS90ulxoUoCH23sV2w==}
    engines: {node: '>= 0.6'}
    dev: false

  /mime-db/1.52.0:
    resolution: {integrity: sha512-sPU4uV7dYlvtWJxwwxHD0PuihVNiE7TyAbQ5SWxDCB9mUYvOgroQOwYQQOKPJ8CIbE+1ETVlOoK1UC2nU3gYvg==}
    engines: {node: '>= 0.6'}
    dev: false

  /mime-types/2.1.35:
    resolution: {integrity: sha512-ZDY+bPm5zTTF+YpCrAU9nK0UgICYPT0QtT1NZWFv4s++TNkcgVaT0g6+4R2uI4MjQjzysHB1zxuWL50hzaeXiw==}
    engines: {node: '>= 0.6'}
    dependencies:
      mime-db: 1.52.0
    dev: false

  /mime/1.6.0:
    resolution: {integrity: sha512-x0Vn8spI+wuJ1O6S7gnbaQg8Pxh4NNHb7KSINmEWKiPE4RKOplvijn+NkmYmmRgP68mc70j2EbeTFRsrswaQeg==}
    engines: {node: '>=4'}
    hasBin: true
    dev: false

  /months/1.2.0:
    resolution: {integrity: sha512-zFM7hUpziSYGk2DNObYGWgHdRRxAOgjl8CC1Rbl50p/q0rGDsREfk0nbxxmSIquVi/lEAuUY8nwbwkZ8biNCOQ==}
    engines: {node: '>=0.10.0'}
    dev: false

  /ms/2.0.0:
    resolution: {integrity: sha512-Tpp60P6IUJDTuOq/5Z8cdskzJujfwqfOTkrwIwj7IRISpnkJnT6SyJ4PCPnGMoFjC9ddhal5KVIYtAt97ix05A==}
    dev: false

  /ms/2.1.3:
    resolution: {integrity: sha512-6FlzubTLZG3J2a/NVCAleEhjzq5oxgHyaCU9yYXvcLsvoVaHJq/s5xXI6/XXP6tz7R9xAOtHnSO/tXtF3WRTlA==}
    dev: false

  /negotiator/0.6.3:
    resolution: {integrity: sha512-+EUsqGPLsM+j/zdChZjsnX51g4XrHFOIXwfnCVPGlQk/k5giakcKsuxCObBRu6DSm9opw/O6slWbJdghQM4bBg==}
    engines: {node: '>= 0.6'}
    dev: false

  /noop6/1.0.9:
    resolution: {integrity: sha512-DB3Hwyd89dPr5HqEPg3YHjzvwh/mCqizC1zZ8vyofqc+TQRyPDnT4wgXXbLGF4z9YAzwwTLi8pNLhGqcbSjgkA==}
    dev: false

  /obj-def/1.0.9:
    resolution: {integrity: sha512-bQ4ya3VYD6FAA1+s6mEhaURRHSmw4+sKaXE6UyXZ1XDYc5D+c7look25dFdydmLd18epUegh398gdDkMUZI9xg==}
    dependencies:
      deffy: 2.2.4
    dev: false

  /object-inspect/1.12.2:
    resolution: {integrity: sha512-z+cPxW0QGUp0mcqcsgQyLVRDoXFQbXOwBaqyF7VIgI4TWNQsDHrBpUQslRmIfAoYWdYzs6UlKJtB2XJpTaNSpQ==}
    dev: false

  /on-finished/2.4.1:
    resolution: {integrity: sha512-oVlzkg3ENAhCk2zdv7IJwd/QUD4z2RxRwpkcGY8psCVcCYZNq4wYnVWALHM+brtuJjePWiYF/ClmuDr8Ch5+kg==}
    engines: {node: '>= 0.8'}
    dependencies:
      ee-first: 1.1.1
    dev: false

  /on-headers/1.0.2:
    resolution: {integrity: sha512-pZAE+FJLoyITytdqK0U5s+FIpjN0JP3OzFi/u8Rx+EV5/W+JTWGXG8xFzevE7AjBfDqHv/8vL8qQsIhHnqRkrA==}
    engines: {node: '>= 0.8'}
    dev: false

  /one-by-one/3.2.8:
    resolution: {integrity: sha512-HR/pSzZdm46Xqj58K+Bu64kMbSTw8/u77AwWvV+rprO/OsuR++pPlkUJn+SmwqBGRgHKwSKQ974V3uls7crIeQ==}
    dependencies:
      obj-def: 1.0.9
      sliced: 1.0.1
    dev: false

  /opn/5.5.0:
    resolution: {integrity: sha512-PqHpggC9bLV0VeWcdKhkpxY+3JTzetLSqTCWL/z/tFIbI6G8JCjondXklT1JinczLz2Xib62sSp0T/gKT4KksA==}
    engines: {node: '>=4'}
    dependencies:
      is-wsl: 1.1.0
    dev: false

  /overlap/2.0.0:
    resolution: {integrity: sha512-ws+kLVh3SdfWupIOWklnU91UHix2PU85bJf52/TPoo0EFgEYhKB6+2fCM/NuPreWMuM51cXN4xNbygNqkL8YrQ==}
    dependencies:
      ansi-parser: 3.0.0
      cli-box: 5.0.0
      couleurs: 5.0.0
    dev: false

  /overlap/2.2.10:
    resolution: {integrity: sha512-LtHwP1Xny/vEmLo+5sHFYUu9xbOIlOwmy6wsMWPojsYtjDLgjtfLbWV6HTwgEx6FKryK7gPW9S2EmUDI9wjBQQ==}
    dependencies:
      ansi-parser: 3.0.0
      cli-box: 5.0.0
      couleurs: 5.0.0
    dev: false

  /parse-it/1.0.10:
    resolution: {integrity: sha512-VAG4EuoNd2TT2wSRUuKyLEkZR3MhdWc+3UPp5CDQzqSt/FiniG+yJ5RXyJYiuzVAMEKL4d97gx6O3LR5jEB3uQ==}
    dependencies:
      regex-escape: 3.4.10
    dev: false

  /parse-url/1.3.11:
    resolution: {integrity: sha512-1wj9nkgH/5EboDxLwaTMGJh3oH3f+Gue+aGdh631oCqoSBpokzmMmOldvOeBPtB8GJBYJbaF93KPzlkU+Y1ksg==}
    dependencies:
      is-ssh: 1.4.0
      protocols: 1.4.8
    dev: false

  /parseqs/0.0.6:
    resolution: {integrity: sha512-jeAGzMDbfSHHA091hr0r31eYfTig+29g3GKKE/PPbEQ65X0lmMwlEoqmhzu0iztID5uJpZsFlUPDP8ThPL7M8w==}
    dev: false

  /parseuri/0.0.6:
    resolution: {integrity: sha512-AUjen8sAkGgao7UyCX6Ahv0gIK2fABKmYjvP4xmy5JaKvcbTRueIqIPHLAfq30xJddqSE033IOMUSOMCcK3Sow==}
    dev: false

  /parseurl/1.3.3:
    resolution: {integrity: sha512-CiyeOxFT/JZyN5m0z9PfXw4SCBJ6Sygz1Dpl0wqjlhDEGGBP1GnsUVEL0p63hoG1fcj3fHynXi9NYO4nWOL+qQ==}
    engines: {node: '>= 0.8'}
    dev: false

  /path-to-regexp/0.1.7:
    resolution: {integrity: sha512-5DFkuoqlv1uYQKxy8omFBeJPQcdoE07Kv2sferDCrAq1ohOU+MSDswDIbnx3YAM60qIOnYa53wBhXW0EbMonrQ==}
    dev: false

  /path-to-regexp/1.8.0:
    resolution: {integrity: sha512-n43JRhlUKUAlibEJhPeir1ncUID16QnEjNpwzNdO3Lm4ywrBpBZ5oLD0I6br9evr1Y9JTqwRtAh7JLoOzAQdVA==}
    dependencies:
      isarray: 0.0.1
    dev: false

  /proc-output/1.0.8:
    resolution: {integrity: sha512-d5v2wFTIrfE7eyt5KqB+CwsaBAmYqKIVNZv3R3Hya96gImHm2Aul+x6MZHRaKI7Ijpr9cg3RiOCY6s1O4SvzFQ==}
    dev: false

  /prompt-sync/4.2.0:
    resolution: {integrity: sha512-BuEzzc5zptP5LsgV5MZETjDaKSWfchl5U9Luiu8SKp7iZWD5tZalOxvNcZRwv+d2phNFr8xlbxmFNcRKfJOzJw==}
    dependencies:
      strip-ansi: 5.2.0
    dev: false

  /promptify/2.0.1:
    resolution: {integrity: sha512-+RHLo1+rfntA2Y76tiMo2uGTvS2afybMawR4PuJo24SUAqJCAMdaxDuo2uMsDNFJod09bVXYTAjpi+I+mGzoyA==}
    dependencies:
      is-win: 1.0.10
      ul: 5.2.15
    dev: false

  /protocols/1.4.8:
    resolution: {integrity: sha512-IgjKyaUSjsROSO8/D49Ab7hP8mJgTYcqApOqdPhLoPxAplXmkp+zRvsrSQjFn5by0rhm4VH0GAUELIPpx7B1yg==}
    dev: false

  /protocols/2.0.1:
    resolution: {integrity: sha512-/XJ368cyBJ7fzLMwLKv1e4vLxOju2MNAIokcr7meSaNcVbWz/CPcW22cP04mwxOErdA5mwjA8Q6w/cdAQxVn7Q==}
    dev: false

  /proxy-addr/2.0.7:
    resolution: {integrity: sha512-llQsMLSUDUPT44jdrU/O37qlnifitDP+ZwrmmZcoSKyLKvtZxpyV0n2/bD/N4tBAAZ/gJEdZU7KMraoK1+XYAg==}
    engines: {node: '>= 0.10'}
    dependencies:
      forwarded: 0.2.0
      ipaddr.js: 1.9.1
    dev: false

  /qs/6.11.0:
    resolution: {integrity: sha512-MvjoMCJwEarSbUYk5O+nmoSzSutSsTwF85zcHPQ9OrlFoZOYIjaqBAJIqIXjptyD5vThxGq52Xu/MaJzRkIk4Q==}
    engines: {node: '>=0.6'}
    dependencies:
      side-channel: 1.0.4
    dev: false

  /r-json/1.2.10:
    resolution: {integrity: sha512-hu9vyLjSlHXT62NAS7DjI9WazDlvjN0lgp3n431dCVnirVcLkZIpzSwA3orhZEKzdDD2jqNYI+w0yG0aFf4kpA==}
    dev: false

  /random-bytes/1.0.0:
    resolution: {integrity: sha512-iv7LhNVO047HzYR3InF6pUcUsPQiHTM1Qal51DcGSuZFBil1aBBWG5eHPNek7bvILMaYJ/8RU1e8w1AMdHmLQQ==}
    engines: {node: '>= 0.8'}
    dev: false

  /range-parser/1.2.1:
    resolution: {integrity: sha512-Hrgsx+orqoygnmhFbKaHE6c296J+HTAQXoxEF6gNupROmmGJRoyzfG3ccAveqCBrwr/2yxQ5BVd/GTl5agOwSg==}
    engines: {node: '>= 0.6'}
    dev: false

  /raw-body/2.5.1:
    resolution: {integrity: sha512-qqJBtEyVgS0ZmPGdCFPWJ3FreoqvG4MVQln/kCgF7Olq95IbOp0/BWyMwbdtn4VTvkM8Y7khCQ2Xgk/tcrCXig==}
    engines: {node: '>= 0.8'}
    dependencies:
      bytes: 3.1.2
      http-errors: 2.0.0
      iconv-lite: 0.4.24
      unpipe: 1.0.0
    dev: false

  /regex-escape/3.4.10:
    resolution: {integrity: sha512-qEqf7uzW+iYcKNLMDFnMkghhQBnGdivT6KqVQyKsyjSWnoFyooXVnxrw9dtv3AFLnD6VBGXxtZGAQNFGFTnCqA==}
    dev: false

  /remove-blank-lines/1.4.1:
    resolution: {integrity: sha512-NEs3uvzpaZscL9qFGIHMO7iFy45/nRQC0bBeIMys8UDJT5CX/OcgDeRpcmwXGcr9Ez+IYZka7w0xhA9pEs7Cag==}
    dev: false

  /rndm/1.2.0:
    resolution: {integrity: sha512-fJhQQI5tLrQvYIYFpOnFinzv9dwmR7hRnUz1XqP3OJ1jIweTNOd6aTO4jwQSgcBSFUB+/KHJxuGneime+FdzOw==}
    dev: false

  /safe-buffer/5.2.1:
    resolution: {integrity: sha512-rp3So07KcdmmKbGvgaNxQSJr7bGVSVk5S9Eq1F+ppbRo70+YeaDxkw5Dd8NPN+GD6bjnYm2VuPuCXmpuYvmCXQ==}
    dev: false

  /safer-buffer/2.1.2:
    resolution: {integrity: sha512-YZo3K82SD7Riyi0E1EQPojLz7kpepnSQI9IyPbHHg1XXXevb5dJI7tpyN2ADxGcQbHG7vcyRHk0cbwqcQriUtg==}
    dev: false

  /same-time/2.3.5:
    resolution: {integrity: sha512-SnVw4CihgrwwcZs38vqW1890OwilOQPnath+kQCX7Un+PfcjR52rThxPfuNpNEd3UrphL22/SleM7hcbiaJu1A==}
    dependencies:
      deffy: 2.0.0
    dev: false

  /send/0.18.0:
    resolution: {integrity: sha512-qqWzuOjSFOuqPjFe4NOsMLafToQQwBSOEpS+FwEt3A2V3vKubTquT3vmLTQpFgMXp8AlFWFuP1qKaJZOtPpVXg==}
    engines: {node: '>= 0.8.0'}
    dependencies:
      debug: 2.6.9
      depd: 2.0.0
      destroy: 1.2.0
      encodeurl: 1.0.2
      escape-html: 1.0.3
      etag: 1.8.1
      fresh: 0.5.2
      http-errors: 2.0.0
      mime: 1.6.0
      ms: 2.1.3
      on-finished: 2.4.1
      range-parser: 1.2.1
      statuses: 2.0.1
    transitivePeerDependencies:
      - supports-color
    dev: false

  /serve-static/1.15.0:
    resolution: {integrity: sha512-XGuRDNjXUijsUL0vl6nSD7cwURuzEgglbOaFuZM9g3kwDXOWVTck0jLzjPzGD+TazWbboZYu52/9/XPdUgne9g==}
    engines: {node: '>= 0.8.0'}
    dependencies:
      encodeurl: 1.0.2
      escape-html: 1.0.3
      parseurl: 1.3.3
      send: 0.18.0
    transitivePeerDependencies:
      - supports-color
    dev: false

  /set-or-get/1.2.11:
    resolution: {integrity: sha512-CrJL6W4xE76UlRVfpKqp3HqSAZ2CV3Mi7UHYmi8yGeajwOAoc/YpJy+8Fvvtm4eJiPb0PoilKI84KAQoo8TZYQ==}
    dependencies:
      deffy: 2.2.4
    dev: false

  /setprototypeof/1.1.1:
    resolution: {integrity: sha512-JvdAWfbXeIGaZ9cILp38HntZSFSo3mWg6xGcJJsd+d4aRMOqauag1C63dJfDw7OaMYwEbHMOxEZ1lqVRYP2OAw==}
    dev: false

  /setprototypeof/1.2.0:
    resolution: {integrity: sha512-E5LDX7Wrp85Kil5bhZv46j8jOeboKq5JMmYM3gVGdGH8xFpPWXUMsNrlODCrkoxMEeNi/XZIwuRvY4XNwYMJpw==}
    dev: false

  /side-channel/1.0.4:
    resolution: {integrity: sha512-q5XPytqFEIKHkGdiMIrY10mvLRvnQh42/+GoBlFW3b2LXLE2xxJpZFdm94we0BaoV3RwJyGqg5wS7epxTv0Zvw==}
    dependencies:
      call-bind: 1.0.2
      get-intrinsic: 1.1.3
      object-inspect: 1.12.2
    dev: false

  /sliced/1.0.1:
    resolution: {integrity: sha512-VZBmZP8WU3sMOZm1bdgTadsQbcscK0UM8oKxKVBs4XAhUo2Xxzm/OFMGBkPusxw9xL3Uy8LrzEqGqJhclsr0yA==}
    dev: false

  /socket.io-adapter/1.1.2:
    resolution: {integrity: sha512-WzZRUj1kUjrTIrUKpZLEzFZ1OLj5FwLlAFQs9kuZJzJi5DKdU7FsWc36SNmA8iDOtwBQyT8FkrriRM8vXLYz8g==}
    dev: false

  /socket.io-client/2.5.0:
    resolution: {integrity: sha512-lOO9clmdgssDykiOmVQQitwBAF3I6mYcQAo7hQ7AM6Ny5X7fp8hIJ3HcQs3Rjz4SoggoxA1OgrQyY8EgTbcPYw==}
    dependencies:
      backo2: 1.0.2
      component-bind: 1.0.0
      component-emitter: 1.3.0
      debug: 3.1.0
      engine.io-client: 3.5.3
      has-binary2: 1.0.3
      indexof: 0.0.1
      parseqs: 0.0.6
      parseuri: 0.0.6
      socket.io-parser: 3.3.3
      to-array: 0.1.4
    transitivePeerDependencies:
      - bufferutil
      - supports-color
      - utf-8-validate
    dev: false

  /socket.io-parser/3.3.3:
    resolution: {integrity: sha512-qOg87q1PMWWTeO01768Yh9ogn7chB9zkKtQnya41Y355S0UmpXgpcrFwAgjYJxu9BdKug5r5e9YtVSeWhKBUZg==}
    dependencies:
      component-emitter: 1.3.0
      debug: 3.1.0
      isarray: 2.0.1
    transitivePeerDependencies:
      - supports-color
    dev: false

  /socket.io-parser/3.4.2:
    resolution: {integrity: sha512-QFZBaZDNqZXeemwejc7D39jrq2eGK/qZuVDiMPKzZK1hLlNvjGilGt4ckfQZeVX4dGmuPzCytN9ZW1nQlEWjgA==}
    engines: {node: '>=10.0.0'}
    dependencies:
      component-emitter: 1.2.1
      debug: 4.1.1
      isarray: 2.0.1
    transitivePeerDependencies:
      - supports-color
    dev: false

  /socket.io/2.5.0:
    resolution: {integrity: sha512-gGunfS0od3VpwDBpGwVkzSZx6Aqo9uOcf1afJj2cKnKFAoyl16fvhpsUhmUFd4Ldbvl5JvRQed6eQw6oQp6n8w==}
    dependencies:
      debug: 4.1.1
      engine.io: 3.6.0
      has-binary2: 1.0.3
      socket.io-adapter: 1.1.2
      socket.io-client: 2.5.0
      socket.io-parser: 3.4.2
    transitivePeerDependencies:
      - bufferutil
      - supports-color
      - utf-8-validate
    dev: false

  /spawno/2.1.1:
    resolution: {integrity: sha512-/UJDjmo2yOuFhsjzliYRKE91hxUSijuqRBNpcHyfwKA4y9cEKXDA1OLW7oOh7gNm2wvqJj9yN4rEltuT53pb1Q==}
    dependencies:
      proc-output: 1.0.8
    dev: false

  /static-methods/1.0.12:
    resolution: {integrity: sha512-QreySTr3LHtHk0OhrZ3RKvrV/4nBRyUPPCycmTUQTENIopEaDalZzI+q+KfmNmcxeHhA3WKe3h25lAxXZEDGVw==}
    dev: false

  /statuses/1.5.0:
    resolution: {integrity: sha512-OpZ3zP+jT1PI7I8nemJX4AKmAX070ZkYPVWV/AaKTJl+tXCTGyVdC1a4SL8RUQYEwk/f34ZX8UTykN68FwrqAA==}
    engines: {node: '>= 0.6'}
    dev: false

  /statuses/2.0.1:
    resolution: {integrity: sha512-RwNA9Z/7PrK06rYLIzFMlaF+l73iwpzsqRIFgbMLbTcLD6cOao82TaWefPXQvB2fOC4AjuYSEndS7N/mTCbkdQ==}
    engines: {node: '>= 0.8'}
    dev: false

  /strip-ansi/5.2.0:
    resolution: {integrity: sha512-DuRs1gKbBqsMKIZlrffwlug8MHkcnpjs5VPmL1PAh+mA30U0DTotfDZ0d2UUsXpPmPmMMJ6W773MaA3J+lbiWA==}
    engines: {node: '>=6'}
    dependencies:
      ansi-regex: 4.1.1
    dev: false

  /supports-color/3.2.3:
    resolution: {integrity: sha512-Jds2VIYDrlp5ui7t8abHN2bjAu4LV/q4N2KivFPpGH0lrka0BMq/33AmECUXlKPcHigkNaqfXRENFju+rlcy+A==}
    engines: {node: '>=0.8.0'}
    dependencies:
      has-flag: 1.0.0
    dev: false

  /tilda/4.4.16:
    resolution: {integrity: sha512-5zDX3G4rQKPW/xug3odKzTPbeEq5jJW94PufTHWbObvXMo+e/ReMMX8eykUjYUIA+WSWl2tDb+30Kc1IS0VZLA==}
    dependencies:
      ansi-parser: 3.2.10
      arrs-to-obj: 1.0.12
      auto-parse: 1.8.0
      camelo: 1.2.1
      clp: 4.0.12
      debug-mode: 2.0.2
      deffy: 2.2.4
      err: 2.1.12
      indento: 1.1.13
      is-empty-obj: 1.0.12
      is-undefined: 1.0.11
      iterate-object: 1.3.4
      le-table: 6.1.10
      prompt-sync: 4.2.0
      promptify: 2.0.1
      r-json: 1.2.10
      remove-blank-lines: 1.4.1
      typpy: 2.3.13
      ul: 5.2.15
      wrap-text: 1.0.9
    dev: false

  /to-array/0.1.4:
    resolution: {integrity: sha512-LhVdShQD/4Mk4zXNroIQZJC+Ap3zgLcDuwEdcmLv9CCO73NWockQDwyUnW/m8VX/EElfL6FcYx7EeutN4HJA6A==}
    dev: false

  /toidentifier/1.0.0:
    resolution: {integrity: sha512-yaOH/Pk/VEhBWWTlhI+qXxDFXlejDGcQipMlyxda9nthulaxLZUNcUqFxokp0vcYnvteJln5FNQDRrxj3YcbVw==}
    engines: {node: '>=0.6'}
    dev: false

  /toidentifier/1.0.1:
    resolution: {integrity: sha512-o5sSPKEkg/DIQNmH43V0/uerLrpzVedkUh8tGNvaeXpfpuwjKenlSox/2O/BTlZUtEe+JG7s5YhEz608PlAHRA==}
    engines: {node: '>=0.6'}
    dev: false

  /transformer/1.2.8:
    resolution: {integrity: sha512-w84zdeE0GTEqHSWuapDx+kRNR417RAwj4YNzRONXaCs5qMdM8UN48W6AuRchNmzt1rQgVh6KYjDyFgXbZcgb9Q==}
    dependencies:
      asyncer.js: 1.0.10
      deffy: 2.2.4
      fn-result: 1.0.12
      noop6: 1.0.9
      typpy: 2.3.13
      ul: 5.2.15
    dev: false

  /tsscmp/1.0.6:
    resolution: {integrity: sha512-LxhtAkPDTkVCMQjt2h6eBVY28KCjikZqZfMcC15YBeNjkgUpdCfBu5HoiOTDu86v6smE8yOjyEktJ8hlbANHQA==}
    engines: {node: '>=0.6.x'}
    dev: false

  /type-is/1.6.18:
    resolution: {integrity: sha512-TkRKr9sUTxEH8MdfuCSP7VizJyzRNMjj2J2do2Jr3Kym598JVdEksuzPQCnlFPW4ky9Q+iA+ma9BGm06XQBy8g==}
    engines: {node: '>= 0.6'}
    dependencies:
      media-typer: 0.3.0
      mime-types: 2.1.35
    dev: false

  /typpy/2.0.0:
    resolution: {integrity: sha512-IucehPujjCCGqmRNLfJwwDXRDleVfnt/dKMQhQWJv8q62dXb6TuJs3zscdtq1agk+po5E+WweZ9RS0VMuaXXfg==}
    dev: false

  /typpy/2.3.11:
    resolution: {integrity: sha512-Jh/fykZSaxeKO0ceMAs6agki9T5TNA9kiIR6fzKbvafKpIw8UlNlHhzuqKyi5lfJJ5VojJOx9tooIbyy7vHV/g==}
    dependencies:
      function.name: 1.0.13
    dev: false

  /typpy/2.3.13:
    resolution: {integrity: sha512-vOxIcQz9sxHi+rT09SJ5aDgVgrPppQjwnnayTrMye1ODaU8gIZTDM19t9TxmEElbMihx2Nq/0/b/MtyKfayRqA==}
    dependencies:
      function.name: 1.0.13
    dev: false

  /uc-first-array/1.1.10:
    resolution: {integrity: sha512-tX2PJLrqtexTxVN9hTTY+K5gPnF2gyj7SfjPF4Q2Xhbi1fSNiO12I/G+AoMzxJLwr9R50CmVn8iAhWCvZlJm3A==}
    dependencies:
      ucfirst: 1.0.0
    dev: false

  /ucfirst/1.0.0:
    resolution: {integrity: sha512-xbB/CQ0GdkxqH4IElZqenn/dL/tnyx7DCDASWJPE92ePbFM21kKemXI2LBeYtEvblf1Ol98hyJJS43Wu5JMQSQ==}
    dev: false

  /uid-safe/2.1.5:
    resolution: {integrity: sha512-KPHm4VL5dDXKz01UuEd88Df+KzynaohSL9fBh096KWAxSKZQDI2uBrVqtvRM4rwrIrRRKsdLNML/lnaaVSRioA==}
    engines: {node: '>= 0.8'}
    dependencies:
      random-bytes: 1.0.0
    dev: false

  /ul/5.0.0:
    resolution: {integrity: sha512-/wMRf3ZchW/MHV8M0fWhxhUTeJAOgrxt6u/9snab4xuMTkCuHo7TH7nyMZxrsjNobAFC8UhCNwlwVVQdVbcf1w==}
    dependencies:
      deffy: 2.0.0
      typpy: 2.0.0
    dev: false

  /ul/5.2.15:
    resolution: {integrity: sha512-svLEUy8xSCip5IWnsRa0UOg+2zP0Wsj4qlbjTmX6GJSmvKMHADBuHOm1dpNkWqWPIGuVSqzUkV3Cris5JrlTRQ==}
    dependencies:
      deffy: 2.2.4
      typpy: 2.3.13
    dev: false

  /unpipe/1.0.0:
    resolution: {integrity: sha512-pjy2bYhSsufwWlKwPc+l3cN7+wuJlK6uz0YdJEOlQDbl6jo/YlPi4mb8agUkVC8BF7V8NuzeyPNqRksA3hztKQ==}
    engines: {node: '>= 0.8'}
    dev: false

  /utils-merge/1.0.1:
    resolution: {integrity: sha512-pMZTvIkT1d+TFGvDOqodOclx0QWkkgi6Tdoa8gC8ffGAAqz9pzPTZWAybbsHHoED/ztMtkv/VoYTYyShUn81hA==}
    engines: {node: '>= 0.4.0'}
    dev: false

  /vary/1.1.2:
    resolution: {integrity: sha512-BNGbWLfd0eUPabhkXUVm0j8uuvREyTh5ovRa/dyow/BqAbZJyC+5fU+IzQOzmAKzYqYRAISoRhdQr3eIZ/PXqg==}
    engines: {node: '>= 0.8'}
    dev: false

  /w-json/1.3.10:
    resolution: {integrity: sha512-XadVyw0xE+oZ5FGApXsdswv96rOhStzKqL53uSe5UaTadABGkWIg1+DTx8kiZ/VqTZTBneoL0l65RcPe4W3ecw==}
    dev: false

  /wrap-text/1.0.9:
    resolution: {integrity: sha512-NWfjspSgMDXQIMpKM56AwCQPI01OMFRYYJBh6dGNCfH7AOl+j/VqqbiopgJ4VuQfSluqLc+2ekqaPNpYAGZ/Vg==}
    dev: false

  /ws/7.4.6:
    resolution: {integrity: sha512-YmhHDO4MzaDLB+M9ym/mDA5z0naX8j7SIlT8f8z+I0VtzsRbekxEutHSme7NPS2qE8StCYQNUnfWdXta/Yu85A==}
    engines: {node: '>=8.3.0'}
    peerDependencies:
      bufferutil: ^4.0.1
      utf-8-validate: ^5.0.2
    peerDependenciesMeta:
      bufferutil:
        optional: true
      utf-8-validate:
        optional: true
    dev: false

  /x256/0.0.2:
    resolution: {integrity: sha512-ZsIH+sheoF8YG9YG+QKEEIdtqpHRA9FYuD7MqhfyB1kayXU43RUNBFSxBEnF8ywSUxdg+8no4+bPr5qLbyxKgA==}
    engines: {node: '>=0.4.0'}
    dev: false

  /xmlhttprequest-ssl/1.6.3:
    resolution: {integrity: sha512-3XfeQE/wNkvrIktn2Kf0869fC0BN6UpydVasGIeSm2B1Llihf7/0UfZM+eCkOw3P7bP4+qPgqhm7ZoxuJtFU0Q==}
    engines: {node: '>=0.4.0'}
    dev: false

  /yeast/0.1.2:
    resolution: {integrity: sha512-8HFIh676uyGYP6wP13R/j6OJ/1HwJ46snpvzE7aHAN3Ryqh2yX6Xox2B4CUmTwwOIzlG3Bs7ocsP5dZH/R1Qbg==}
    dev: false

  registry.npmmirror.com/nan/2.17.0:
    resolution: {integrity: sha512-2ZTgtl0nJsO0KQCjEpxcIr5D+Yv90plTitZt9JBfQvVJDS5seMl3FOvsh3+9CoYWXf/1l5OaZzzF6nDm4cagaQ==, registry: https://registry.npm.taobao.org/, tarball: https://registry.npmmirror.com/nan/-/nan-2.17.0.tgz}
    name: nan
    version: 2.17.0
    dev: false

  registry.npmmirror.com/node-pty/0.10.1:
    resolution: {integrity: sha512-JTdtUS0Im/yRsWJSx7yiW9rtpfmxqxolrtnyKwPLI+6XqTAPW/O2MjS8FYL4I5TsMbH2lVgDb2VMjp+9LoQGNg==, registry: https://registry.npm.taobao.org/, tarball: https://registry.npmmirror.com/node-pty/-/node-pty-0.10.1.tgz}
    name: node-pty
    version: 0.10.1
    requiresBuild: true
    dependencies:
      nan: registry.npmmirror.com/nan/2.17.0
    dev: false
